{"sources":[
{"repository":"https://github.com/openai/skills.git","commit":"49f948faa9258a0c61caceaf225e179651397431","commit_date":"2026-06-23T19:36:12-07:00","license":"Apache-2.0 (skills/.system/skill-creator/LICENSE.txt)","reviewed_paths":["README.md","skills/.system/skill-creator/SKILL.md","skills/.system/skill-creator/references/openai_yaml.md","skills/.system/skill-creator/scripts/quick_validate.py"],"used_for":"skill directory/frontmatter, progressive disclosure, metadata and structural-validation design","copied_verbatim":false,"adaptation_summary":"Original Debina wording; no upstream script or text copied.","last_verified":"2026-07-20"},
{"repository":"https://github.com/obra/superpowers.git","commit":"d884ae04edebef577e82ff7c4e143debd0bbec99","commit_date":"2026-07-02T14:56:55-07:00","license":"MIT","reviewed_paths":["skills/writing-skills/SKILL.md","skills/writing-skills/testing-skills-with-subagents.md","skills/systematic-debugging/SKILL.md","skills/verification-before-completion/SKILL.md","skills/requesting-code-review/SKILL.md","skills/receiving-code-review/SKILL.md"],"used_for":"evidence-before-claim, diagnostic discipline and review pressure cases","copied_verbatim":false,"adaptation_summary":"Original Debina wording; framework, scripts and ticket workflow excluded.","last_verified":"2026-07-20"},
{"repository":"https://github.com/mattpocock/skills.git","commit":"9603c1cc8118d08bc1b3bf34cf714f62178dea3b","commit_date":"2026-07-16T10:03:12+01:00","license":"MIT","reviewed_paths":["skills/engineering/diagnosing-bugs/SKILL.md","skills/engineering/domain-modeling/SKILL.md","skills/engineering/codebase-design/SKILL.md","skills/engineering/code-review/SKILL.md","skills/engineering/improve-codebase-architecture/SKILL.md","skills/engineering/research/SKILL.md","skills/engineering/grill-with-docs/SKILL.md"],"used_for":"domain language, ADR-aware review, diagnosis and deep-module guidance","copied_verbatim":false,"adaptation_summary":"Original Debina wording; CONTEXT.md, ticket and workflow conventions excluded.","last_verified":"2026-07-20"},
{"repository":"https://github.com/trailofbits/skills.git","commit":"cfe5d7b1619e47fb5b38b7e2561dad7e5f1e89af","commit_date":"2026-06-30T11:14:46-04:00","license":"CC-BY-SA-4.0","reviewed_paths":["plugins/audit-context-building/skills/audit-context-building/SKILL.md","plugins/differential-review/skills/differential-review/SKILL.md","plugins/insecure-defaults/skills/insecure-defaults/SKILL.md","plugins/semgrep-rule-creator/skills/semgrep-rule-creator/SKILL.md","plugins/workflow-skill-design/skills/designing-workflow-skills/SKILL.md"],"used_for":"security review, fail-closed defaults, mutation and progressive-disclosure review","copied_verbatim":false,"adaptation_summary":"No wording, scripts, Semgrep dependency or external links imported due CC-BY-SA-4.0 scope.","last_verified":"2026-07-20"}
]}
